
Microsoft Visual Studio Solution File, Format Version 12.00
# Visual Studio Version 17
VisualStudioVersion = 17.7.34031.279
MinimumVisualStudioVersion = 10.0.40219.1
Project("{8BC9CEB8-8B4A-11D0-8D11-00A0C91BC942}") = "microstructureGeneration", "microstructureGeneration\microstructureGeneration.vcxproj", "{991794EB-3B61-4550-9D1B-8C0BC296BD22}"
EndProject
Global
	GlobalSection(SolutionConfigurationPlatforms) = preSolution
		Debug|x64 = Debug|x64
		Release|x64 = Release|x64
	EndGlobalSection
	GlobalSection(ProjectConfigurationPlatforms) = postSolution
		{991794EB-3B61-4550-9D1B-8C0BC296BD22}.Debug|x64.ActiveCfg = Debug|x64
		{991794EB-3B61-4550-9D1B-8C0BC296BD22}.Debug|x64.Build.0 = Debug|x64
		{991794EB-3B61-4550-9D1B-8C0BC296BD22}.Release|x64.ActiveCfg = Release|x64
		{991794EB-3B61-4550-9D1B-8C0BC296BD22}.Release|x64.Build.0 = Release|x64
	EndGlobalSection
	GlobalSection(SolutionProperties) = preSolution
		HideSolutionNode = FALSE
	EndGlobalSection
	GlobalSection(ExtensibilityGlobals) = postSolution
		SolutionGuid = {02894452-2939-49B6-8219-CDDE8F2B3F97}
	EndGlobalSection
EndGlobal
